{
  "name": "storybook",
  "lockfileVersion": 2,
  "requires": true,
  "packages": {
    "../../node_modules/.pnpm/@babel+core@7.18.2/node_modules/@babel/core": {
      "version": "7.18.2",
      "extraneous": true,
      "license": "MIT",
      "dependencies": {
        "@ampproject/remapping": "^2.1.0",
        "@babel/code-frame": "^7.16.7",
        "@babel/generator": "^7.18.2",
        "@babel/helper-compilation-targets": "^7.18.2",
        "@babel/helper-module-transforms": "^7.18.0",
        "@babel/helpers": "^7.18.2",
        "@babel/parser": "^7.18.0",
        "@babel/template": "^7.16.7",
        "@babel/traverse": "^7.18.2",
        "@babel/types": "^7.18.2",
        "convert-source-map": "^1.7.0",
        "debug": "^4.1.0",
        "gensync": "^1.0.0-beta.2",
        "json5": "^2.2.1",
        "semver": "^6.3.0"
      },
      "devDependencies": {
        "@babel/helper-transform-fixture-test-runner": "^7.18.0",
        "@babel/plugin-transform-modules-commonjs": "^7.18.2",
        "@jridgewell/trace-mapping": "^0.3.8",
        "@types/convert-source-map": "^1.5.1",
        "@types/debug": "^4.1.0",
        "@types/resolve": "^1.3.2",
        "@types/semver": "^5.4.0"
      },
      "engines": {
        "node": ">=6.9.0"
      },
      "funding": {
        "type": "opencollective",
        "url": "https://opencollective.com/babel"
      }
    },
    "../../node_modules/.pnpm/@storybook+addon-actions@6.5.10/node_modules/@storybook/addon-actions": {
      "version": "6.5.10",
      "extraneous": true,
      "license": "MIT",
      "dependencies": {
        "@storybook/addons": "6.5.10",
        "@storybook/api": "6.5.10",
        "@storybook/client-logger": "6.5.10",
        "@storybook/components": "6.5.10",
        "@storybook/core-events": "6.5.10",
        "@storybook/csf": "0.0.2--canary.4566f4d.1",
        "@storybook/theming": "6.5.10",
        "core-js": "^3.8.2",
        "fast-deep-equal": "^3.1.3",
        "global": "^4.4.0",
        "lodash": "^4.17.21",
        "polished": "^4.2.2",
        "prop-types": "^15.7.2",
        "react-inspector": "^5.1.0",
        "regenerator-runtime": "^0.13.7",
        "telejson": "^6.0.8",
        "ts-dedent": "^2.0.0",
        "util-deprecate": "^1.0.2",
        "uuid-browser": "^3.1.0"
      },
      "devDependencies": {
        "@types/lodash": "^4.14.167",
        "@types/webpack-env": "^1.16.0"
      },
      "funding": {
        "type": "opencollective",
        "url": "https://opencollective.com/storybook"
      },
      "peerDependencies": {
        "react": "^16.8.0 || ^17.0.0 || ^18.0.0",
        "react-dom": "^16.8.0 || ^17.0.0 || ^18.0.0"
      },
      "peerDependenciesMeta": {
        "react": {
          "optional": true
        },
        "react-dom": {
          "optional": true
        }
      }
    },
    "../../node_modules/.pnpm/@storybook+addon-docs@6.5.10_@babel+core@7.18.2/node_modules/@storybook/addon-docs": {
      "version": "6.5.10",
      "extraneous": true,
      "license": "MIT",
      "dependencies": {
        "@babel/plugin-transform-react-jsx": "^7.12.12",
        "@babel/preset-env": "^7.12.11",
        "@jest/transform": "^26.6.2",
        "@mdx-js/react": "^1.6.22",
        "@storybook/addons": "6.5.10",
        "@storybook/api": "6.5.10",
        "@storybook/components": "6.5.10",
        "@storybook/core-common": "6.5.10",
        "@storybook/core-events": "6.5.10",
        "@storybook/csf": "0.0.2--canary.4566f4d.1",
        "@storybook/docs-tools": "6.5.10",
        "@storybook/mdx1-csf": "^0.0.1",
        "@storybook/node-logger": "6.5.10",
        "@storybook/postinstall": "6.5.10",
        "@storybook/preview-web": "6.5.10",
        "@storybook/source-loader": "6.5.10",
        "@storybook/store": "6.5.10",
        "@storybook/theming": "6.5.10",
        "babel-loader": "^8.0.0",
        "core-js": "^3.8.2",
        "fast-deep-equal": "^3.1.3",
        "global": "^4.4.0",
        "lodash": "^4.17.21",
        "regenerator-runtime": "^0.13.7",
        "remark-external-links": "^8.0.0",
        "remark-slug": "^6.0.0",
        "ts-dedent": "^2.0.0",
        "util-deprecate": "^1.0.2"
      },
      "devDependencies": {
        "@babel/core": "^7.12.10",
        "@storybook/mdx2-csf": "^0.0.3",
        "@types/util-deprecate": "^1.0.0"
      },
      "funding": {
        "type": "opencollective",
        "url": "https://opencollective.com/storybook"
      },
      "peerDependencies": {
        "@storybook/mdx2-csf": "^0.0.3",
        "react": "^16.8.0 || ^17.0.0 || ^18.0.0",
        "react-dom": "^16.8.0 || ^17.0.0 || ^18.0.0"
      },
      "peerDependenciesMeta": {
        "@storybook/mdx2-csf": {
          "optional": true
        },
        "react": {
          "optional": true
        },
        "react-dom": {
          "optional": true
        }
      }
    },
    "../../node_modules/.pnpm/@storybook+addon-essentials@6.5.10_4fy74z563g4wfg4twz42iqdxbq/node_modules/@storybook/addon-essentials": {
      "version": "6.5.10",
      "extraneous": true,
      "license": "MIT",
      "dependencies": {
        "@storybook/addon-actions": "6.5.10",
        "@storybook/addon-backgrounds": "6.5.10",
        "@storybook/addon-controls": "6.5.10",
        "@storybook/addon-docs": "6.5.10",
        "@storybook/addon-measure": "6.5.10",
        "@storybook/addon-outline": "6.5.10",
        "@storybook/addon-toolbars": "6.5.10",
        "@storybook/addon-viewport": "6.5.10",
        "@storybook/addons": "6.5.10",
        "@storybook/api": "6.5.10",
        "@storybook/core-common": "6.5.10",
        "@storybook/node-logger": "6.5.10",
        "core-js": "^3.8.2",
        "regenerator-runtime": "^0.13.7",
        "ts-dedent": "^2.0.0"
      },
      "devDependencies": {
        "@babel/core": "^7.12.10",
        "@storybook/vue": "6.5.10",
        "@types/jest": "^26.0.16",
        "@types/webpack-env": "^1.16.0"
      },
      "funding": {
        "type": "opencollective",
        "url": "https://opencollective.com/storybook"
      },
      "peerDependencies": {
        "@babel/core": "^7.9.6"
      },
      "peerDependenciesMeta": {
        "@storybook/angular": {
          "optional": true
        },
        "@storybook/builder-manager4": {
          "optional": true
        },
        "@storybook/builder-manager5": {
          "optional": true
        },
        "@storybook/builder-webpack4": {
          "optional": true
        },
        "@storybook/builder-webpack5": {
          "optional": true
        },
        "@storybook/html": {
          "optional": true
        },
        "@storybook/vue": {
          "optional": true
        },
        "@storybook/vue3": {
          "optional": true
        },
        "@storybook/web-components": {
          "optional": true
        },
        "lit": {
          "optional": true
        },
        "lit-html": {
          "optional": true
        },
        "react": {
          "optional": true
        },
        "react-dom": {
          "optional": true
        },
        "svelte": {
          "optional": true
        },
        "sveltedoc-parser": {
          "optional": true
        },
        "vue": {
          "optional": true
        },
        "webpack": {
          "optional": true
        }
      }
    },
    "../../node_modules/.pnpm/@storybook+addon-links@6.5.10/node_modules/@storybook/addon-links": {
      "version": "6.5.10",
      "extraneous": true,
      "license": "MIT",
      "dependencies": {
        "@storybook/addons": "6.5.10",
        "@storybook/client-logger": "6.5.10",
        "@storybook/core-events": "6.5.10",
        "@storybook/csf": "0.0.2--canary.4566f4d.1",
        "@storybook/router": "6.5.10",
        "@types/qs": "^6.9.5",
        "core-js": "^3.8.2",
        "global": "^4.4.0",
        "prop-types": "^15.7.2",
        "qs": "^6.10.0",
        "regenerator-runtime": "^0.13.7",
        "ts-dedent": "^2.0.0"
      },
      "devDependencies": {
        "@types/webpack-env": "^1.16.0"
      },
      "funding": {
        "type": "opencollective",
        "url": "https://opencollective.com/storybook"
      },
      "peerDependencies": {
        "react": "^16.8.0 || ^17.0.0 || ^18.0.0",
        "react-dom": "^16.8.0 || ^17.0.0 || ^18.0.0"
      },
      "peerDependenciesMeta": {
        "react": {
          "optional": true
        },
        "react-dom": {
          "optional": true
        }
      }
    },
    "../../node_modules/.pnpm/@storybook+builder-webpack4@6.5.10/node_modules/@storybook/builder-webpack4": {
      "version": "6.5.10",
      "extraneous": true,
      "license": "MIT",
      "dependencies": {
        "@babel/core": "^7.12.10",
        "@storybook/addons": "6.5.10",
        "@storybook/api": "6.5.10",
        "@storybook/channel-postmessage": "6.5.10",
        "@storybook/channels": "6.5.10",
        "@storybook/client-api": "6.5.10",
        "@storybook/client-logger": "6.5.10",
        "@storybook/components": "6.5.10",
        "@storybook/core-common": "6.5.10",
        "@storybook/core-events": "6.5.10",
        "@storybook/node-logger": "6.5.10",
        "@storybook/preview-web": "6.5.10",
        "@storybook/router": "6.5.10",
        "@storybook/semver": "^7.3.2",
        "@storybook/store": "6.5.10",
        "@storybook/theming": "6.5.10",
        "@storybook/ui": "6.5.10",
        "@types/node": "^14.0.10 || ^16.0.0",
        "@types/webpack": "^4.41.26",
        "autoprefixer": "^9.8.6",
        "babel-loader": "^8.0.0",
        "case-sensitive-paths-webpack-plugin": "^2.3.0",
        "core-js": "^3.8.2",
        "css-loader": "^3.6.0",
        "file-loader": "^6.2.0",
        "find-up": "^5.0.0",
        "fork-ts-checker-webpack-plugin": "^4.1.6",
        "glob": "^7.1.6",
        "glob-promise": "^3.4.0",
        "global": "^4.4.0",
        "html-webpack-plugin": "^4.0.0",
        "pnp-webpack-plugin": "1.6.4",
        "postcss": "^7.0.36",
        "postcss-flexbugs-fixes": "^4.2.1",
        "postcss-loader": "^4.2.0",
        "raw-loader": "^4.0.2",
        "stable": "^0.1.8",
        "style-loader": "^1.3.0",
        "terser-webpack-plugin": "^4.2.3",
        "ts-dedent": "^2.0.0",
        "url-loader": "^4.1.1",
        "util-deprecate": "^1.0.2",
        "webpack": "4",
        "webpack-dev-middleware": "^3.7.3",
        "webpack-filter-warnings-plugin": "^1.2.1",
        "webpack-hot-middleware": "^2.25.1",
        "webpack-virtual-modules": "^0.2.2"
      },
      "devDependencies": {
        "@types/case-sensitive-paths-webpack-plugin": "^2.1.4",
        "@types/terser-webpack-plugin": "^4.2.0",
        "@types/webpack-dev-middleware": "^3.7.3",
        "@types/webpack-hot-middleware": "<=2.25.5",
        "@types/webpack-virtual-modules": "^0.1.0"
      },
      "funding": {
        "type": "opencollective",
        "url": "https://opencollective.com/storybook"
      },
      "peerDependencies": {
        "react": "^16.8.0 || ^17.0.0 || ^18.0.0",
        "react-dom": "^16.8.0 || ^17.0.0 || ^18.0.0"
      },
      "peerDependenciesMeta": {
        "typescript": {
          "optional": true
        }
      }
    },
    "../../node_modules/.pnpm/@storybook+manager-webpack4@6.5.10/node_modules/@storybook/manager-webpack4": {
      "version": "6.5.10",
      "extraneous": true,
      "license": "MIT",
      "dependencies": {
        "@babel/core": "^7.12.10",
        "@babel/plugin-transform-template-literals": "^7.12.1",
        "@babel/preset-react": "^7.12.10",
        "@storybook/addons": "6.5.10",
        "@storybook/core-client": "6.5.10",
        "@storybook/core-common": "6.5.10",
        "@storybook/node-logger": "6.5.10",
        "@storybook/theming": "6.5.10",
        "@storybook/ui": "6.5.10",
        "@types/node": "^14.0.10 || ^16.0.0",
        "@types/webpack": "^4.41.26",
        "babel-loader": "^8.0.0",
        "case-sensitive-paths-webpack-plugin": "^2.3.0",
        "chalk": "^4.1.0",
        "core-js": "^3.8.2",
        "css-loader": "^3.6.0",
        "express": "^4.17.1",
        "file-loader": "^6.2.0",
        "find-up": "^5.0.0",
        "fs-extra": "^9.0.1",
        "html-webpack-plugin": "^4.0.0",
        "node-fetch": "^2.6.7",
        "pnp-webpack-plugin": "1.6.4",
        "read-pkg-up": "^7.0.1",
        "regenerator-runtime": "^0.13.7",
        "resolve-from": "^5.0.0",
        "style-loader": "^1.3.0",
        "telejson": "^6.0.8",
        "terser-webpack-plugin": "^4.2.3",
        "ts-dedent": "^2.0.0",
        "url-loader": "^4.1.1",
        "util-deprecate": "^1.0.2",
        "webpack": "4",
        "webpack-dev-middleware": "^3.7.3",
        "webpack-virtual-modules": "^0.2.2"
      },
      "devDependencies": {
        "@types/case-sensitive-paths-webpack-plugin": "^2.1.4",
        "@types/terser-webpack-plugin": "^4.2.0",
        "@types/webpack-dev-middleware": "^3.7.3",
        "@types/webpack-virtual-modules": "^0.1.0"
      },
      "funding": {
        "type": "opencollective",
        "url": "https://opencollective.com/storybook"
      },
      "peerDependencies": {
        "react": "^16.8.0 || ^17.0.0 || ^18.0.0",
        "react-dom": "^16.8.0 || ^17.0.0 || ^18.0.0"
      },
      "peerDependenciesMeta": {
        "typescript": {
          "optional": true
        }
      }
    },
    "../../node_modules/.pnpm/@storybook+web-components@6.5.10_ok5bzryg6bu22vmwukchqq7mm4/node_modules/@storybook/web-components": {
      "version": "6.5.10",
      "extraneous": true,
      "license": "MIT",
      "dependencies": {
        "@babel/plugin-syntax-dynamic-import": "^7.8.3",
        "@babel/plugin-syntax-import-meta": "^7.10.4",
        "@babel/preset-env": "^7.12.11",
        "@storybook/addons": "6.5.10",
        "@storybook/client-api": "6.5.10",
        "@storybook/client-logger": "6.5.10",
        "@storybook/core": "6.5.10",
        "@storybook/core-common": "6.5.10",
        "@storybook/csf": "0.0.2--canary.4566f4d.1",
        "@storybook/docs-tools": "6.5.10",
        "@storybook/preview-web": "6.5.10",
        "@storybook/store": "6.5.10",
        "@types/node": "^14.14.20 || ^16.0.0",
        "@types/webpack-env": "^1.16.0",
        "babel-plugin-bundled-import-meta": "^0.3.1",
        "core-js": "^3.8.2",
        "global": "^4.4.0",
        "react": "16.14.0",
        "react-dom": "16.14.0",
        "read-pkg-up": "^7.0.1",
        "regenerator-runtime": "^0.13.7",
        "ts-dedent": "^2.0.0"
      },
      "bin": {
        "build-storybook": "bin/build.js",
        "start-storybook": "bin/index.js",
        "storybook-server": "bin/index.js"
      },
      "devDependencies": {
        "lit-html": "2.0.2"
      },
      "engines": {
        "node": ">=10.13.0"
      },
      "funding": {
        "type": "opencollective",
        "url": "https://opencollective.com/storybook"
      },
      "peerDependencies": {
        "lit-html": "^1.4.1 || ^2.0.0"
      }
    },
    "../../node_modules/.pnpm/babel-loader@8.2.5_@babel+core@7.18.2/node_modules/babel-loader": {
      "version": "8.2.5",
      "extraneous": true,
      "license": "MIT",
      "dependencies": {
        "find-cache-dir": "^3.3.1",
        "loader-utils": "^2.0.0",
        "make-dir": "^3.1.0",
        "schema-utils": "^2.6.5"
      },
      "devDependencies": {
        "@ava/babel": "^1.0.1",
        "@babel/cli": "^7.12.1",
        "@babel/core": "^7.12.3",
        "@babel/preset-env": "^7.12.1",
        "ava": "^3.13.0",
        "babel-eslint": "^10.0.1",
        "babel-plugin-istanbul": "^6.0.0",
        "babel-plugin-react-intl": "^8.2.15",
        "cross-env": "^7.0.2",
        "eslint": "^7.13.0",
        "eslint-config-babel": "^9.0.0",
        "eslint-config-prettier": "^6.3.0",
        "eslint-plugin-flowtype": "^5.2.0",
        "eslint-plugin-prettier": "^3.0.0",
        "husky": "^4.3.0",
        "lint-staged": "^10.5.1",
        "nyc": "^15.1.0",
        "pnp-webpack-plugin": "^1.6.4",
        "prettier": "^2.1.2",
        "react": "^17.0.1",
        "react-intl": "^5.9.4",
        "react-intl-webpack-plugin": "^0.3.0",
        "rimraf": "^3.0.0",
        "semver": "7.3.2",
        "webpack": "^5.34.0"
      },
      "engines": {
        "node": ">= 8.9"
      },
      "peerDependencies": {
        "@babel/core": "^7.0.0",
        "webpack": ">=2"
      }
    },
    "../../node_modules/.pnpm/cssnano@5.1.10_postcss@8.4.14/node_modules/cssnano": {
      "version": "5.1.10",
      "extraneous": true,
      "license": "MIT",
      "dependencies": {
        "cssnano-preset-default": "^5.2.10",
        "lilconfig": "^2.0.3",
        "yaml": "^1.10.2"
      },
      "devDependencies": {
        "autoprefixer": "^10.3.7",
        "cssnano-preset-advanced": "^5.3.6",
        "cssnano-preset-lite": "^2.1.3",
        "postcss": "^8.2.15"
      },
      "engines": {
        "node": "^10 || ^12 || >=14.0"
      },
      "funding": {
        "type": "opencollective",
        "url": "https://opencollective.com/cssnano"
      },
      "peerDependencies": {
        "postcss": "^8.2.15"
      }
    },
    "../../node_modules/.pnpm/lit-html@2.2.5/node_modules/lit-html": {
      "version": "2.2.5",
      "extraneous": true,
      "license": "BSD-3-Clause",
      "dependencies": {
        "@types/trusted-types": "^2.0.2"
      },
      "devDependencies": {
        "@esm-bundle/chai": "^4.1.5",
        "@types/mocha": "^9.0.0",
        "@types/web-ie11": "^0.0.0",
        "@web/test-runner-mocha": "^0.7.4",
        "@webcomponents/shadycss": "^1.8.0",
        "@webcomponents/template": "^1.4.4",
        "@webcomponents/webcomponentsjs": "^2.6.0",
        "chokidar-cli": "^3.0.0",
        "concurrently": "^6.2.1",
        "internal-scripts": "^1.0.0",
        "mocha": "^9.1.1",
        "rollup": "^2.70.2",
        "typescript": "^4.3.5"
      }
    },
    "../../node_modules/.pnpm/lit@2.2.5/node_modules/lit": {
      "version": "2.2.5",
      "extraneous": true,
      "license": "BSD-3-Clause",
      "dependencies": {
        "@lit/reactive-element": "^1.3.0",
        "lit-element": "^3.2.0",
        "lit-html": "^2.2.0"
      },
      "devDependencies": {
        "@esm-bundle/chai": "^4.1.5",
        "@types/chai": "^4.0.1",
        "@types/mocha": "^9.0.0",
        "@webcomponents/shadycss": "^1.8.0",
        "@webcomponents/template": "^1.4.4",
        "@webcomponents/webcomponentsjs": "^2.6.0",
        "chokidar-cli": "^3.0.0",
        "downlevel-dts": "^0.7.0",
        "internal-scripts": "^1.0.0",
        "mocha": "^9.1.1",
        "rollup": "^2.70.2",
        "tslib": "^2.0.3",
        "typescript": "^4.3.5"
      }
    },
    "../../node_modules/.pnpm/postcss-cli@9.1.0_postcss@8.4.14/node_modules/postcss-cli": {
      "version": "9.1.0",
      "extraneous": true,
      "license": "MIT",
      "dependencies": {
        "chokidar": "^3.3.0",
        "dependency-graph": "^0.11.0",
        "fs-extra": "^10.0.0",
        "get-stdin": "^9.0.0",
        "globby": "^12.0.0",
        "picocolors": "^1.0.0",
        "postcss-load-config": "^3.0.0",
        "postcss-reporter": "^7.0.0",
        "pretty-hrtime": "^1.0.3",
        "read-cache": "^1.0.0",
        "slash": "^4.0.0",
        "yargs": "^17.0.0"
      },
      "bin": {
        "postcss": "index.js"
      },
      "devDependencies": {
        "ava": "^3.1.0",
        "c8": "^7.9.0",
        "coveralls": "^3.0.0",
        "eslint": "^8.2.0",
        "eslint-config-problems": "6.0.0",
        "postcss": "^8.0.4",
        "postcss-import": "^14.0.0",
        "prettier": "~2.5.0",
        "sugarss": "^4.0.0",
        "uuid": "^8.0.0"
      },
      "engines": {
        "node": ">=12"
      },
      "peerDependencies": {
        "postcss": "^8.0.0"
      }
    },
    "../../node_modules/.pnpm/postcss-easings@3.0.1_postcss@8.4.14/node_modules/postcss-easings": {
      "version": "3.0.1",
      "extraneous": true,
      "license": "MIT",
      "dependencies": {
        "postcss-value-parser": "^4.1.0"
      },
      "engines": {
        "node": ">=10.0"
      },
      "funding": {
        "type": "opencollective",
        "url": "https://opencollective.com/postcss/"
      },
      "peerDependencies": {
        "postcss": "^8.1.0"
      }
    },
    "../../node_modules/.pnpm/postcss-import-url@7.0.0_postcss@8.4.14/node_modules/postcss-import-url": {
      "version": "7.0.0",
      "extraneous": true,
      "license": "MIT",
      "dependencies": {
        "http-https": "^1.0.0",
        "is-url": "^1.2.4",
        "lodash.assign": "^4.2.0",
        "lodash.trim": "^4.5.1",
        "resolve-relative-url": "^1.0.0"
      },
      "devDependencies": {
        "@semantic-release/changelog": "^5.0.1",
        "@semantic-release/git": "^9.0.0",
        "expect": "^26.6.2",
        "gulp": "^4.0.2",
        "gulp-connect": "^5.7.0",
        "gulp-eslint": "^6.0.0",
        "gulp-mocha": "^7.0.2",
        "husky": "^4.3.8",
        "ololog": "^1.1.164",
        "postcss": "^8.2.4",
        "precise-commits": "^1.0.2",
        "prettier": "^2.2.1",
        "semantic-release": "^17.3.7",
        "tcp-ping": "^0.1.1"
      },
      "engines": {
        "node": ">=10"
      },
      "peerDependencies": {
        "postcss": "^8.0.0"
      }
    },
    "../../node_modules/.pnpm/postcss-import@14.1.0_postcss@8.4.14/node_modules/postcss-import": {
      "version": "14.1.0",
      "extraneous": true,
      "license": "MIT",
      "dependencies": {
        "postcss-value-parser": "^4.0.0",
        "read-cache": "^1.0.0",
        "resolve": "^1.1.7"
      },
      "devDependencies": {
        "ava": "^3.0.0",
        "eslint": "^7.0.0",
        "eslint-config-problems": "^5.0.0",
        "eslint-plugin-prettier": "^4.0.0",
        "postcss": "^8.0.0",
        "postcss-scss": "^4.0.0",
        "prettier": "~2.6.0",
        "sugarss": "^4.0.0"
      },
      "engines": {
        "node": ">=10.0.0"
      },
      "peerDependencies": {
        "postcss": "^8.0.0"
      }
    },
    "../../node_modules/.pnpm/postcss-preset-env@7.7.0_postcss@8.4.14/node_modules/postcss-preset-env": {
      "version": "7.7.0",
      "extraneous": true,
      "license": "CC0-1.0",
      "dependencies": {
        "@csstools/postcss-cascade-layers": "^1.0.2",
        "@csstools/postcss-color-function": "^1.1.0",
        "@csstools/postcss-font-format-keywords": "^1.0.0",
        "@csstools/postcss-hwb-function": "^1.0.1",
        "@csstools/postcss-ic-unit": "^1.0.0",
        "@csstools/postcss-is-pseudo-class": "^2.0.4",
        "@csstools/postcss-normalize-display-values": "^1.0.0",
        "@csstools/postcss-oklab-function": "^1.1.0",
        "@csstools/postcss-progressive-custom-properties": "^1.3.0",
        "@csstools/postcss-stepped-value-functions": "^1.0.0",
        "@csstools/postcss-trigonometric-functions": "^1.0.0",
        "@csstools/postcss-unset-value": "^1.0.1",
        "autoprefixer": "^10.4.7",
        "browserslist": "^4.20.3",
        "css-blank-pseudo": "^3.0.3",
        "css-has-pseudo": "^3.0.4",
        "css-prefers-color-scheme": "^6.0.3",
        "cssdb": "^6.6.2",
        "postcss-attribute-case-insensitive": "^5.0.0",
        "postcss-clamp": "^4.1.0",
        "postcss-color-functional-notation": "^4.2.3",
        "postcss-color-hex-alpha": "^8.0.3",
        "postcss-color-rebeccapurple": "^7.0.2",
        "postcss-custom-media": "^8.0.0",
        "postcss-custom-properties": "^12.1.7",
        "postcss-custom-selectors": "^6.0.0",
        "postcss-dir-pseudo-class": "^6.0.4",
        "postcss-double-position-gradients": "^3.1.1",
        "postcss-env-function": "^4.0.6",
        "postcss-focus-visible": "^6.0.4",
        "postcss-focus-within": "^5.0.4",
        "postcss-font-variant": "^5.0.0",
        "postcss-gap-properties": "^3.0.3",
        "postcss-image-set-function": "^4.0.6",
        "postcss-initial": "^4.0.1",
        "postcss-lab-function": "^4.2.0",
        "postcss-logical": "^5.0.4",
        "postcss-media-minmax": "^5.0.0",
        "postcss-nesting": "^10.1.7",
        "postcss-opacity-percentage": "^1.1.2",
        "postcss-overflow-shorthand": "^3.0.3",
        "postcss-page-break": "^3.0.4",
        "postcss-place": "^7.0.4",
        "postcss-pseudo-class-any-link": "^7.1.4",
        "postcss-replace-overflow-wrap": "^4.0.0",
        "postcss-selector-not": "^5.0.0",
        "postcss-value-parser": "^4.2.0"
      },
      "devDependencies": {
        "postcss-simple-vars": "^6.0.3"
      },
      "engines": {
        "node": "^12 || ^14 || >=16"
      },
      "funding": {
        "type": "opencollective",
        "url": "https://opencollective.com/csstools"
      },
      "peerDependencies": {
        "postcss": "^8.4"
      }
    },
    "../../node_modules/.pnpm/postcss@8.4.14/node_modules/postcss": {
      "version": "8.4.14",
      "extraneous": true,
      "funding": [
        {
          "type": "opencollective",
          "url": "https://opencollective.com/postcss/"
        },
        {
          "type": "tidelift",
          "url": "https://tidelift.com/funding/github/npm/postcss"
        }
      ],
      "license": "MIT",
      "dependencies": {
        "nanoid": "^3.3.4",
        "picocolors": "^1.0.0",
        "source-map-js": "^1.0.2"
      },
      "engines": {
        "node": "^10 || ^12 || >=14"
      }
    },
    "../../packages/components": {
      "extraneous": true
    },
    "../../packages/styles": {
      "extraneous": true
    }
  }
}
